{
  "object": {
    "pins": [
      {
        "package": "ButteredToast",
        "repositoryURL": "git@github.com:Yonodactyl/ButteredToast.git",
        "state": {
          "branch": null,
          "revision": "ce4828aa320ad420de61a19c4b92cda281e66da8",
          "version": "0.0.2"
        }
      }
    ]
  },
  "version": 1
}
