{
  "object": {
    "pins": [
      {
        "package": "ButteredToast",
        "repositoryURL": "git@github.com:Yonodactyl/ButteredToast.git",
        "state": {
          "branch": null,
          "revision": "ce4828aa320ad420de61a19c4b92cda281e66da8",
          "version": "0.0.2"
        }
      },
      {
        "package": "swift-nio",
        "repositoryURL": "https://github.com/apple/swift-nio.git",
        "state": {
          "branch": null,
          "revision": "43931b7a7daf8120a487601530c8bc03ce711992",
          "version": "2.25.1"
        }
      },
      {
        "package": "SnapshotTesting",
        "repositoryURL": "https://github.com/pointfreeco/swift-snapshot-testing.git",
        "state": {
          "branch": null,
          "revision": "c466812aa2e22898f27557e2e780d3aad7a27203",
          "version": "1.8.2"
        }
      }
    ]
  },
  "version": 1
}
