{
  "object": {
    "pins": [
      {
        "package": "ButteredToast",
        "repositoryURL": "https://github.com/Yonodactyl/ButteredToast.git",
        "state": {
          "branch": "main",
          "revision": "c8b52a5a56192cecb0d10468409beb1ca39f0752",
          "version": null
        }
      },
      {
        "package": "ConfettiView",
        "repositoryURL": "git@github.com:ziligy/ConfettiView.git",
        "state": {
          "branch": null,
          "revision": "c5787afc61442364bddbdff5ce86c8c710d1ec3f",
          "version": "1.0.1"
        }
      },
      {
        "package": "swift-nio",
        "repositoryURL": "https://github.com/apple/swift-nio.git",
        "state": {
          "branch": null,
          "revision": "43931b7a7daf8120a487601530c8bc03ce711992",
          "version": "2.25.1"
        }
      },
      {
        "package": "SnapshotTesting",
        "repositoryURL": "https://github.com/pointfreeco/swift-snapshot-testing.git",
        "state": {
          "branch": null,
          "revision": "c466812aa2e22898f27557e2e780d3aad7a27203",
          "version": "1.8.2"
        }
      }
    ]
  },
  "version": 1
}
