// !$*UTF8*$!
{
	archiveVersion = 1;
	classes = {
	};
	objectVersion = 54;
	objects = {

/* Begin PBXBuildFile section */
		5C68DF7A25B3A12A006FF5DF /* SettingsHelperSampleApp.swift in Sources */ = {isa = PBXBuildFile; fileRef = 5C68DF7925B3A12A006FF5DF /* SettingsHelperSampleApp.swift */; };
		5C68DF7C25B3A12A006FF5DF /* ContentView.swift in Sources */ = {isa = PBXBuildFile; fileRef = 5C68DF7B25B3A12A006FF5DF /* ContentView.swift */; };
		5C68DF7E25B3A130006FF5DF /* Assets.xcassets in Resources */ = {isa = PBXBuildFile; fileRef = 5C68DF7D25B3A130006FF5DF /* Assets.xcassets */; };
		5C68DF8125B3A130006FF5DF /* Preview Assets.xcassets in Resources */ = {isa = PBXBuildFile; fileRef = 5C68DF8025B3A130006FF5DF /* Preview Assets.xcassets */; };
		5CA25D0125B3E3A8003AC737 /* SettingsHelper in Frameworks */ = {isa = PBXBuildFile; productRef = 5CA25D0025B3E3A8003AC737 /* SettingsHelper */; };
/* End PBXBuildFile section */

/* Begin PBXFileReference section */
		5C68DF7625B3A12A006FF5DF /* SettingsHelperSample.app */ = {isa = PBXFileReference; explicitFileType = wrapper.application; includeInIndex = 0; path = SettingsHelperSample.app; sourceTree = BUILT_PRODUCTS_DIR; };
		5C68DF7925B3A12A006FF5DF /* SettingsHelperSampleApp.swift */ = {isa = PBXFileReference; lastKnownFileType = sourcecode.swift; path = SettingsHelperSampleApp.swift; sourceTree = "<group>"; };
		5C68DF7B25B3A12A006FF5DF /* ContentView.swift */ = {isa = PBXFileReference; lastKnownFileType = sourcecode.swift; path = ContentView.swift; sourceTree = "<group>"; };
		5C68DF7D25B3A130006FF5DF /* Assets.xcassets */ = {isa = PBXFileReference; lastKnownFileType = folder.assetcatalog; path = Assets.xcassets; sourceTree = "<group>"; };
		5C68DF8025B3A130006FF5DF /* Preview Assets.xcassets */ = {isa = PBXFileReference; lastKnownFileType = folder.assetcatalog; path = "Preview Assets.xcassets"; sourceTree = "<group>"; };
		5C68DF8225B3A130006FF5DF /* Info.plist */ = {isa = PBXFileReference; lastKnownFileType = text.plist.xml; path = Info.plist; sourceTree = "<group>"; };
		5CA25D0925B3E844003AC737 /* CopyLicenses.swift */ = {isa = PBXFileReference; explicitFileType = sourcecode.swift; path = CopyLicenses.swift; sourceTree = "<group>"; };
/* End PBXFileReference section */

/* Begin PBXFrameworksBuildPhase section */
		5C68DF7325B3A12A006FF5DF /* Frameworks */ = {
			isa = PBXFrameworksBuildPhase;
			buildActionMask = 2147483647;
			files = (
				5CA25D0125B3E3A8003AC737 /* SettingsHelper in Frameworks */,
			);
			runOnlyForDeploymentPostprocessing = 0;
		};
/* End PBXFrameworksBuildPhase section */

/* Begin PBXGroup section */
		5C68DF6D25B3A12A006FF5DF = {
			isa = PBXGroup;
			children = (
				5CA25D0925B3E844003AC737 /* CopyLicenses.swift */,
				5C68DF7825B3A12A006FF5DF /* SettingsHelperSample */,
				5C68DF7725B3A12A006FF5DF /* Products */,
				5C68DF8A25B3A2DC006FF5DF /* Frameworks */,
			);
			sourceTree = "<group>";
		};
		5C68DF7725B3A12A006FF5DF /* Products */ = {
			isa = PBXGroup;
			children = (
				5C68DF7625B3A12A006FF5DF /* SettingsHelperSample.app */,
			);
			name = Products;
			sourceTree = "<group>";
		};
		5C68DF7825B3A12A006FF5DF /* SettingsHelperSample */ = {
			isa = PBXGroup;
			children = (
				5C68DF7925B3A12A006FF5DF /* SettingsHelperSampleApp.swift */,
				5C68DF7B25B3A12A006FF5DF /* ContentView.swift */,
				5C68DF7D25B3A130006FF5DF /* Assets.xcassets */,
				5C68DF8225B3A130006FF5DF /* Info.plist */,
				5C68DF7F25B3A130006FF5DF /* Preview Content */,
			);
			path = SettingsHelperSample;
			sourceTree = "<group>";
		};
		5C68DF7F25B3A130006FF5DF /* Preview Content */ = {
			isa = PBXGroup;
			children = (
				5C68DF8025B3A130006FF5DF /* Preview Assets.xcassets */,
			);
			path = "Preview Content";
			sourceTree = "<group>";
		};
		5C68DF8A25B3A2DC006FF5DF /* Frameworks */ = {
			isa = PBXGroup;
			children = (
			);
			name = Frameworks;
			sourceTree = "<group>";
		};
/* End PBXGroup section */

/* Begin PBXNativeTarget section */
		5C68DF7525B3A12A006FF5DF /* SettingsHelperSample */ = {
			isa = PBXNativeTarget;
			buildConfigurationList = 5C68DF8525B3A130006FF5DF /* Build configuration list for PBXNativeTarget "SettingsHelperSample" */;
			buildPhases = (
				5C68DF7225B3A12A006FF5DF /* Sources */,
				BA99999325B3C73600F7A403 /* Copy Licenses */,
				5C68DF7325B3A12A006FF5DF /* Frameworks */,
				5C68DF7425B3A12A006FF5DF /* Resources */,
			);
			buildRules = (
			);
			dependencies = (
			);
			name = SettingsHelperSample;
			packageProductDependencies = (
				5CA25D0025B3E3A8003AC737 /* SettingsHelper */,
			);
			productName = SettingsHelperSample;
			productReference = 5C68DF7625B3A12A006FF5DF /* SettingsHelperSample.app */;
			productType = "com.apple.product-type.application";
		};
/* End PBXNativeTarget section */

/* Begin PBXProject section */
		5C68DF6E25B3A12A006FF5DF /* Project object */ = {
			isa = PBXProject;
			attributes = {
				LastSwiftUpdateCheck = 1220;
				LastUpgradeCheck = 1220;
				TargetAttributes = {
					5C68DF7525B3A12A006FF5DF = {
						CreatedOnToolsVersion = 12.2;
					};
				};
			};
			buildConfigurationList = 5C68DF7125B3A12A006FF5DF /* Build configuration list for PBXProject "SettingsHelperSample" */;
			compatibilityVersion = "Xcode 9.3";
			developmentRegion = en;
			hasScannedForEncodings = 0;
			knownRegions = (
				en,
				Base,
			);
			mainGroup = 5C68DF6D25B3A12A006FF5DF;
			packageReferences = (
				BA99999B25B3CA3200F7A403 /* XCRemoteSwiftPackageReference "ButteredToast" */,
				5CA25CE925B3E308003AC737 /* XCRemoteSwiftPackageReference "swift-snapshot-testing" */,
				5CA25CED25B3E339003AC737 /* XCRemoteSwiftPackageReference "swift-nio" */,
			);
			productRefGroup = 5C68DF7725B3A12A006FF5DF /* Products */;
			projectDirPath = "";
			projectRoot = "";
			targets = (
				5C68DF7525B3A12A006FF5DF /* SettingsHelperSample */,
			);
		};
/* End PBXProject section */

/* Begin PBXResourcesBuildPhase section */
		5C68DF7425B3A12A006FF5DF /* Resources */ = {
			isa = PBXResourcesBuildPhase;
			buildActionMask = 2147483647;
			files = (
				5C68DF8125B3A130006FF5DF /* Preview Assets.xcassets in Resources */,
				5C68DF7E25B3A130006FF5DF /* Assets.xcassets in Resources */,
			);
			runOnlyForDeploymentPostprocessing = 0;
		};
/* End PBXResourcesBuildPhase section */

/* Begin PBXShellScriptBuildPhase section */
		BA99999325B3C73600F7A403 /* Copy Licenses */ = {
			isa = PBXShellScriptBuildPhase;
			alwaysOutOfDate = 1;
			buildActionMask = 2147483647;
			files = (
			);
			inputFileListPaths = (
			);
			inputPaths = (
				"$(BUILD_DIR)/../../SourcePackages/checkouts/",
			);
			name = "Copy Licenses";
			outputFileListPaths = (
			);
			outputPaths = (
				"${BUILT_PRODUCTS_DIR}/${UNLOCALIZED_RESOURCES_FOLDER_PATH}/licenses",
			);
			runOnlyForDeploymentPostprocessing = 0;
			shellPath = /bin/sh;
			shellScript = "./CopyLicenses.swift\n";
		};
/* End PBXShellScriptBuildPhase section */

/* Begin PBXSourcesBuildPhase section */
		5C68DF7225B3A12A006FF5DF /* Sources */ = {
			isa = PBXSourcesBuildPhase;
			buildActionMask = 2147483647;
			files = (
				5C68DF7C25B3A12A006FF5DF /* ContentView.swift in Sources */,
				5C68DF7A25B3A12A006FF5DF /* SettingsHelperSampleApp.swift in Sources */,
			);
			runOnlyForDeploymentPostprocessing = 0;
		};
/* End PBXSourcesBuildPhase section */

/* Begin XCBuildConfiguration section */
		5C68DF8325B3A130006FF5DF /* Debug */ = {
			isa = XCBuildConfiguration;
			buildSettings = {
				ALWAYS_SEARCH_USER_PATHS = NO;
				CLANG_ANALYZER_NONNULL = YES;
				CLANG_ANALYZER_NUMBER_OBJECT_CONVERSION = YES_AGGRESSIVE;
				CLANG_CXX_LANGUAGE_STANDARD = "gnu++14";
				CLANG_CXX_LIBRARY = "libc++";
				CLANG_ENABLE_MODULES = YES;
				CLANG_ENABLE_OBJC_ARC = YES;
				CLANG_ENABLE_OBJC_WEAK = YES;
				CLANG_WARN_BLOCK_CAPTURE_AUTORELEASING = YES;
				CLANG_WARN_BOOL_CONVERSION = YES;
				CLANG_WARN_COMMA = YES;
				CLANG_WARN_CONSTANT_CONVERSION = YES;
				CLANG_WARN_DEPRECATED_OBJC_IMPLEMENTATIONS = YES;
				CLANG_WARN_DIRECT_OBJC_ISA_USAGE = YES_ERROR;
				CLANG_WARN_DOCUMENTATION_COMMENTS = YES;
				CLANG_WARN_EMPTY_BODY = YES;
				CLANG_WARN_ENUM_CONVERSION = YES;
				CLANG_WARN_INFINITE_RECURSION = YES;
				CLANG_WARN_INT_CONVERSION = YES;
				CLANG_WARN_NON_LITERAL_NULL_CONVERSION = YES;
				CLANG_WARN_OBJC_IMPLICIT_RETAIN_SELF = YES;
				CLANG_WARN_OBJC_LITERAL_CONVERSION = YES;
				CLANG_WARN_OBJC_ROOT_CLASS = YES_ERROR;
				CLANG_WARN_QUOTED_INCLUDE_IN_FRAMEWORK_HEADER = YES;
				CLANG_WARN_RANGE_LOOP_ANALYSIS = YES;
				CLANG_WARN_STRICT_PROTOTYPES = YES;
				CLANG_WARN_SUSPICIOUS_MOVE = YES;
				CLANG_WARN_UNGUARDED_AVAILABILITY = YES_AGGRESSIVE;
				CLANG_WARN_UNREACHABLE_CODE = YES;
				CLANG_WARN__DUPLICATE_METHOD_MATCH = YES;
				COPY_PHASE_STRIP = NO;
				DEBUG_INFORMATION_FORMAT = dwarf;
				ENABLE_STRICT_OBJC_MSGSEND = YES;
				ENABLE_TESTABILITY = YES;
				GCC_C_LANGUAGE_STANDARD = gnu11;
				GCC_DYNAMIC_NO_PIC = NO;
				GCC_NO_COMMON_BLOCKS = YES;
				GCC_OPTIMIZATION_LEVEL = 0;
				GCC_PREPROCESSOR_DEFINITIONS = (
					"DEBUG=1",
					"$(inherited)",
				);
				GCC_WARN_64_TO_32_BIT_CONVERSION = YES;
				GCC_WARN_ABOUT_RETURN_TYPE = YES_ERROR;
				GCC_WARN_UNDECLARED_SELECTOR = YES;
				GCC_WARN_UNINITIALIZED_AUTOS = YES_AGGRESSIVE;
				GCC_WARN_UNUSED_FUNCTION = YES;
				GCC_WARN_UNUSED_VARIABLE = YES;
				IPHONEOS_DEPLOYMENT_TARGET = 14.2;
				MTL_ENABLE_DEBUG_INFO = INCLUDE_SOURCE;
				MTL_FAST_MATH = YES;
				ONLY_ACTIVE_ARCH = YES;
				SDKROOT = iphoneos;
				SWIFT_ACTIVE_COMPILATION_CONDITIONS = DEBUG;
				SWIFT_OPTIMIZATION_LEVEL = "-Onone";
			};
			name = Debug;
		};
		5C68DF8425B3A130006FF5DF /* Release */ = {
			isa = XCBuildConfiguration;
			buildSettings = {
				ALWAYS_SEARCH_USER_PATHS = NO;
				CLANG_ANALYZER_NONNULL = YES;
				CLANG_ANALYZER_NUMBER_OBJECT_CONVERSION = YES_AGGRESSIVE;
				CLANG_CXX_LANGUAGE_STANDARD = "gnu++14";
				CLANG_CXX_LIBRARY = "libc++";
				CLANG_ENABLE_MODULES = YES;
				CLANG_ENABLE_OBJC_ARC = YES;
				CLANG_ENABLE_OBJC_WEAK = YES;
				CLANG_WARN_BLOCK_CAPTURE_AUTORELEASING = YES;
				CLANG_WARN_BOOL_CONVERSION = YES;
				CLANG_WARN_COMMA = YES;
				CLANG_WARN_CONSTANT_CONVERSION = YES;
				CLANG_WARN_DEPRECATED_OBJC_IMPLEMENTATIONS = YES;
				CLANG_WARN_DIRECT_OBJC_ISA_USAGE = YES_ERROR;
				CLANG_WARN_DOCUMENTATION_COMMENTS = YES;
				CLANG_WARN_EMPTY_BODY = YES;
				CLANG_WARN_ENUM_CONVERSION = YES;
				CLANG_WARN_INFINITE_RECURSION = YES;
				CLANG_WARN_INT_CONVERSION = YES;
				CLANG_WARN_NON_LITERAL_NULL_CONVERSION = YES;
				CLANG_WARN_OBJC_IMPLICIT_RETAIN_SELF = YES;
				CLANG_WARN_OBJC_LITERAL_CONVERSION = YES;
				CLANG_WARN_OBJC_ROOT_CLASS = YES_ERROR;
				CLANG_WARN_QUOTED_INCLUDE_IN_FRAMEWORK_HEADER = YES;
				CLANG_WARN_RANGE_LOOP_ANALYSIS = YES;
				CLANG_WARN_STRICT_PROTOTYPES = YES;
				CLANG_WARN_SUSPICIOUS_MOVE = YES;
				CLANG_WARN_UNGUARDED_AVAILABILITY = YES_AGGRESSIVE;
				CLANG_WARN_UNREACHABLE_CODE = YES;
				CLANG_WARN__DUPLICATE_METHOD_MATCH = YES;
				COPY_PHASE_STRIP = NO;
				DEBUG_INFORMATION_FORMAT = "dwarf-with-dsym";
				ENABLE_NS_ASSERTIONS = NO;
				ENABLE_STRICT_OBJC_MSGSEND = YES;
				GCC_C_LANGUAGE_STANDARD = gnu11;
				GCC_NO_COMMON_BLOCKS = YES;
				GCC_WARN_64_TO_32_BIT_CONVERSION = YES;
				GCC_WARN_ABOUT_RETURN_TYPE = YES_ERROR;
				GCC_WARN_UNDECLARED_SELECTOR = YES;
				GCC_WARN_UNINITIALIZED_AUTOS = YES_AGGRESSIVE;
				GCC_WARN_UNUSED_FUNCTION = YES;
				GCC_WARN_UNUSED_VARIABLE = YES;
				IPHONEOS_DEPLOYMENT_TARGET = 14.2;
				MTL_ENABLE_DEBUG_INFO = NO;
				MTL_FAST_MATH = YES;
				SDKROOT = iphoneos;
				SWIFT_COMPILATION_MODE = wholemodule;
				SWIFT_OPTIMIZATION_LEVEL = "-O";
				VALIDATE_PRODUCT = YES;
			};
			name = Release;
		};
		5C68DF8625B3A130006FF5DF /* Debug */ = {
			isa = XCBuildConfiguration;
			buildSettings = {
				ASSETCATALOG_COMPILER_APPICON_NAME = AppIcon;
				ASSETCATALOG_COMPILER_GLOBAL_ACCENT_COLOR_NAME = AccentColor;
				CODE_SIGN_STYLE = Automatic;
				DEVELOPMENT_ASSET_PATHS = "\"SettingsHelperSample/Preview Content\"";
				ENABLE_PREVIEWS = YES;
				INFOPLIST_FILE = SettingsHelperSample/Info.plist;
				IPHONEOS_DEPLOYMENT_TARGET = 14.0;
				LD_RUNPATH_SEARCH_PATHS = (
					"$(inherited)",
					"@executable_path/Frameworks",
				);
				PRODUCT_BUNDLE_IDENTIFIER = com.whatthehack2021.SettingsHelperSample;
				PRODUCT_NAME = "$(TARGET_NAME)";
				SWIFT_VERSION = 5.0;
				TARGETED_DEVICE_FAMILY = "1,2";
			};
			name = Debug;
		};
		5C68DF8725B3A130006FF5DF /* Release */ = {
			isa = XCBuildConfiguration;
			buildSettings = {
				ASSETCATALOG_COMPILER_APPICON_NAME = AppIcon;
				ASSETCATALOG_COMPILER_GLOBAL_ACCENT_COLOR_NAME = AccentColor;
				CODE_SIGN_STYLE = Automatic;
				DEVELOPMENT_ASSET_PATHS = "\"SettingsHelperSample/Preview Content\"";
				ENABLE_PREVIEWS = YES;
				INFOPLIST_FILE = SettingsHelperSample/Info.plist;
				IPHONEOS_DEPLOYMENT_TARGET = 14.0;
				LD_RUNPATH_SEARCH_PATHS = (
					"$(inherited)",
					"@executable_path/Frameworks",
				);
				PRODUCT_BUNDLE_IDENTIFIER = com.whatthehack2021.SettingsHelperSample;
				PRODUCT_NAME = "$(TARGET_NAME)";
				SWIFT_VERSION = 5.0;
				TARGETED_DEVICE_FAMILY = "1,2";
			};
			name = Release;
		};
/* End XCBuildConfiguration section */

/* Begin XCConfigurationList section */
		5C68DF7125B3A12A006FF5DF /* Build configuration list for PBXProject "SettingsHelperSample" */ = {
			isa = XCConfigurationList;
			buildConfigurations = (
				5C68DF8325B3A130006FF5DF /* Debug */,
				5C68DF8425B3A130006FF5DF /* Release */,
			);
			defaultConfigurationIsVisible = 0;
			defaultConfigurationName = Release;
		};
		5C68DF8525B3A130006FF5DF /* Build configuration list for PBXNativeTarget "SettingsHelperSample" */ = {
			isa = XCConfigurationList;
			buildConfigurations = (
				5C68DF8625B3A130006FF5DF /* Debug */,
				5C68DF8725B3A130006FF5DF /* Release */,
			);
			defaultConfigurationIsVisible = 0;
			defaultConfigurationName = Release;
		};
/* End XCConfigurationList section */

/* Begin XCRemoteSwiftPackageReference section */
		5CA25CE925B3E308003AC737 /* XCRemoteSwiftPackageReference "swift-snapshot-testing" */ = {
			isa = XCRemoteSwiftPackageReference;
			repositoryURL = "https://github.com/pointfreeco/swift-snapshot-testing.git";
			requirement = {
				kind = upToNextMajorVersion;
				minimumVersion = 1.8.2;
			};
		};
		5CA25CED25B3E339003AC737 /* XCRemoteSwiftPackageReference "swift-nio" */ = {
			isa = XCRemoteSwiftPackageReference;
			repositoryURL = "https://github.com/apple/swift-nio.git";
			requirement = {
				kind = upToNextMajorVersion;
				minimumVersion = 2.25.1;
			};
		};
		BA99999B25B3CA3200F7A403 /* XCRemoteSwiftPackageReference "ButteredToast" */ = {
			isa = XCRemoteSwiftPackageReference;
			repositoryURL = "git@github.com:Yonodactyl/ButteredToast.git";
			requirement = {
				kind = upToNextMajorVersion;
				minimumVersion = 0.0.1;
			};
		};
/* End XCRemoteSwiftPackageReference section */

/* Begin XCSwiftPackageProductDependency section */
		5CA25D0025B3E3A8003AC737 /* SettingsHelper */ = {
			isa = XCSwiftPackageProductDependency;
			productName = SettingsHelper;
		};
/* End XCSwiftPackageProductDependency section */
	};
	rootObject = 5C68DF6E25B3A12A006FF5DF /* Project object */;
}
